
Microsoft Visual Studio Solution File, Format Version 12.00
# Visual Studio Version 17
VisualStudioVersion = 17.4.33205.214
MinimumVisualStudioVersion = 10.0.40219.1
Project("{FAE04EC0-301F-11D3-BF4B-00C04F79EFBC}") = "DP-Project", "DP-Project.csproj", "{7F01FF3B-56B7-4879-90A6-91B313E3C47F}"
EndProject
Global
	GlobalSection(SolutionConfigurationPlatforms) = preSolution
		Debug|Any CPU = Debug|Any CPU
		Release|Any CPU = Release|Any CPU
	EndGlobalSection
	GlobalSection(ProjectConfigurationPlatforms) = postSolution
		{7F01FF3B-56B7-4879-90A6-91B313E3C47F}.Debug|Any CPU.ActiveCfg = Debug|Any CPU
		{7F01FF3B-56B7-4879-90A6-91B313E3C47F}.Debug|Any CPU.Build.0 = Debug|Any CPU
		{7F01FF3B-56B7-4879-90A6-91B313E3C47F}.Release|Any CPU.ActiveCfg = Release|Any CPU
		{7F01FF3B-56B7-4879-90A6-91B313E3C47F}.Release|Any CPU.Build.0 = Release|Any CPU
	EndGlobalSection
	GlobalSection(SolutionProperties) = preSolution
		HideSolutionNode = FALSE
	EndGlobalSection
	GlobalSection(ExtensibilityGlobals) = postSolution
		SolutionGuid = {3632F528-8CBF-4DA2-A480-AD87BA26910D}
	EndGlobalSection
EndGlobal
